{
  "name": "json-server",
  "version": "1.0.0",
  "lockfileVersion": 1,
  "requires": true,
  "dependencies": {
    "react-hook-form": {
      "version": "7.14.2",
      "resolved": "https://registry.npmjs.org/react-hook-form/-/react-hook-form-7.14.2.tgz",
      "integrity": "sha512-32uvgKkaE/0vOncfnJdwQhfahhocPpcb5c7F4j9Eq7dOnqS2Hg8h70Bmt6KXb6veLSWJultc1+ik9QSfqXFmLA=="
    }
  }
}
